
Microsoft Visual Studio Solution File, Format Version 12.00
# Visual Studio Version 17
VisualStudioVersion = 17.0.32014.148
MinimumVisualStudioVersion = 10.0.40219.1
Project("{9A19103F-16F7-4668-BE54-9A1E7A4F7556}") = "Imagenic.Core", "3D-Engine\Imagenic.Core.csproj", "{DCF14E26-3F6C-4448-A529-955DCE58645A}"
EndProject
Project("{9A19103F-16F7-4668-BE54-9A1E7A4F7556}") = "Imagenic.Demos.Simple", "Demo\Imagenic.Demos.Simple.csproj", "{04218791-4EF6-4A14-B268-55BE33C20658}"
EndProject
Project("{9A19103F-16F7-4668-BE54-9A1E7A4F7556}") = "Imagenic.Demos.Interactive", "Interactive Demo\Imagenic.Demos.Interactive.csproj", "{121724D6-E1CD-48E9-B756-55B8BE9BBCA2}"
EndProject
Project("{9A19103F-16F7-4668-BE54-9A1E7A4F7556}") = "Imagenic.UnitTests", "Unit Tests\Imagenic.UnitTests.csproj", "{6A16A564-68A2-4E56-B7F4-EFC6A0A8A0C0}"
EndProject
Project("{9A19103F-16F7-4668-BE54-9A1E7A4F7556}") = "Imagenic.Demos.Statistics", "Statistics Demo\Imagenic.Demos.Statistics.csproj", "{B48FF987-9396-4A12-81D5-A71E2EEF44AF}"
EndProject
Project("{2150E333-8FDC-42A3-9474-1A3956D46DE8}") = "Demos", "Demos", "{D9095A4C-E515-4C94-8351-A5AB724C8AA2}"
EndProject
Project("{2150E333-8FDC-42A3-9474-1A3956D46DE8}") = "Core", "Core", "{73DB7BB9-FCEB-412F-A99C-86BC58D557CC}"
EndProject
Project("{2150E333-8FDC-42A3-9474-1A3956D46DE8}") = "Tests", "Tests", "{F3D3426D-DDA9-434B-9856-C0301D2F21EE}"
EndProject
Project("{9A19103F-16F7-4668-BE54-9A1E7A4F7556}") = "Benchmarking", "Benchmarking\Benchmarking.csproj", "{FA8E1FA2-1263-41C9-9792-5385158C507C}"
EndProject
Project("{9A19103F-16F7-4668-BE54-9A1E7A4F7556}") = "Imagenic.WinForms", "Imagenic.WinForms\Imagenic.WinForms.csproj", "{EE7AD247-655E-4578-81C4-D37E6E06A188}"
EndProject
Project("{9A19103F-16F7-4668-BE54-9A1E7A4F7556}") = "Imagenic.Benchmarking", "Imagenic.Benchmarking\Imagenic.Benchmarking.csproj", "{816C0A57-CA2A-41B3-B4A6-87CB70356FAF}"
EndProject
Project("{9A19103F-16F7-4668-BE54-9A1E7A4F7556}") = "Imagenic.ComsumerExperienceTesting", "ComsumerExperienceTesting\Imagenic.ComsumerExperienceTesting.csproj", "{3224BAE0-CE87-4F33-996C-AFC8C1C91438}"
EndProject
Project("{9A19103F-16F7-4668-BE54-9A1E7A4F7556}") = "Imagenic.CodeAnalyser", "Imagenic.CodeAnalyser\Imagenic.CodeAnalyser\Imagenic.CodeAnalyser.csproj", "{EBC5746B-7408-4F72-A5FC-1129C4152462}"
EndProject
Project("{9A19103F-16F7-4668-BE54-9A1E7A4F7556}") = "Imagenic.CodeAnalyser.CodeFixes", "Imagenic.CodeAnalyser\Imagenic.CodeAnalyser.CodeFixes\Imagenic.CodeAnalyser.CodeFixes.csproj", "{DE4ED03E-B621-44A2-9F49-165040CEA5E4}"
EndProject
Project("{9A19103F-16F7-4668-BE54-9A1E7A4F7556}") = "Imagenic.CodeAnalyser.Package", "Imagenic.CodeAnalyser\Imagenic.CodeAnalyser.Package\Imagenic.CodeAnalyser.Package.csproj", "{47BC1D6F-D19D-4E12-A3A5-9E5E36036DB6}"
EndProject
Project("{9A19103F-16F7-4668-BE54-9A1E7A4F7556}") = "Imagenic.CodeAnalyser.Test", "Imagenic.CodeAnalyser\Imagenic.CodeAnalyser.Test\Imagenic.CodeAnalyser.Test.csproj", "{0083A026-D49F-4CF2-9167-E3EAD2385644}"
EndProject
Project("{9A19103F-16F7-4668-BE54-9A1E7A4F7556}") = "Imagenic.CodeAnalyser.Vsix", "Imagenic.CodeAnalyser\Imagenic.CodeAnalyser.Vsix\Imagenic.CodeAnalyser.Vsix.csproj", "{7C96AAE6-8BC3-4DAF-BB15-3A5B8E153E66}"
EndProject
Project("{2150E333-8FDC-42A3-9474-1A3956D46DE8}") = "CountableContextSourceGenerators", "CountableContextSourceGenerators", "{89A992FB-0521-4AAA-806A-389F1480052A}"
EndProject
Project("{9A19103F-16F7-4668-BE54-9A1E7A4F7556}") = "Imagenic.SourceGenerators.Test", "Imagenic.SourceGenerators.Test\Imagenic.SourceGenerators.Test.csproj", "{9E05A80E-4A99-43FE-A06D-EFD25DA36602}"
EndProject
Project("{2150E333-8FDC-42A3-9474-1A3956D46DE8}") = "SourceGenerators", "SourceGenerators", "{869BAA72-6B61-4CD3-8AAF-218895319233}"
EndProject
Project("{FAE04EC0-301F-11D3-BF4B-00C04F79EFBC}") = "NullCheckerSourceGenerator", "NullCheckerSourceGenerator\NullCheckerSourceGenerator.csproj", "{89065CDD-05A3-4D64-AE48-602572812C47}"
EndProject
Global
	GlobalSection(SolutionConfigurationPlatforms) = preSolution
		Debug|Any CPU = Debug|Any CPU
		Release|Any CPU = Release|Any CPU
	EndGlobalSection
	GlobalSection(ProjectConfigurationPlatforms) = postSolution
		{DCF14E26-3F6C-4448-A529-955DCE58645A}.Debug|Any CPU.ActiveCfg = Debug|Any CPU
		{DCF14E26-3F6C-4448-A529-955DCE58645A}.Debug|Any CPU.Build.0 = Debug|Any CPU
		{DCF14E26-3F6C-4448-A529-955DCE58645A}.Release|Any CPU.ActiveCfg = Release|Any CPU
		{DCF14E26-3F6C-4448-A529-955DCE58645A}.Release|Any CPU.Build.0 = Release|Any CPU
		{04218791-4EF6-4A14-B268-55BE33C20658}.Debug|Any CPU.ActiveCfg = Debug|Any CPU
		{04218791-4EF6-4A14-B268-55BE33C20658}.Debug|Any CPU.Build.0 = Debug|Any CPU
		{04218791-4EF6-4A14-B268-55BE33C20658}.Release|Any CPU.ActiveCfg = Release|Any CPU
		{04218791-4EF6-4A14-B268-55BE33C20658}.Release|Any CPU.Build.0 = Release|Any CPU
		{121724D6-E1CD-48E9-B756-55B8BE9BBCA2}.Debug|Any CPU.ActiveCfg = Debug|Any CPU
		{121724D6-E1CD-48E9-B756-55B8BE9BBCA2}.Debug|Any CPU.Build.0 = Debug|Any CPU
		{121724D6-E1CD-48E9-B756-55B8BE9BBCA2}.Release|Any CPU.ActiveCfg = Release|Any CPU
		{121724D6-E1CD-48E9-B756-55B8BE9BBCA2}.Release|Any CPU.Build.0 = Release|Any CPU
		{6A16A564-68A2-4E56-B7F4-EFC6A0A8A0C0}.Debug|Any CPU.ActiveCfg = Debug|Any CPU
		{6A16A564-68A2-4E56-B7F4-EFC6A0A8A0C0}.Debug|Any CPU.Build.0 = Debug|Any CPU
		{6A16A564-68A2-4E56-B7F4-EFC6A0A8A0C0}.Release|Any CPU.ActiveCfg = Release|Any CPU
		{6A16A564-68A2-4E56-B7F4-EFC6A0A8A0C0}.Release|Any CPU.Build.0 = Release|Any CPU
		{B48FF987-9396-4A12-81D5-A71E2EEF44AF}.Debug|Any CPU.ActiveCfg = Debug|Any CPU
		{B48FF987-9396-4A12-81D5-A71E2EEF44AF}.Debug|Any CPU.Build.0 = Debug|Any CPU
		{B48FF987-9396-4A12-81D5-A71E2EEF44AF}.Release|Any CPU.ActiveCfg = Release|Any CPU
		{B48FF987-9396-4A12-81D5-A71E2EEF44AF}.Release|Any CPU.Build.0 = Release|Any CPU
		{FA8E1FA2-1263-41C9-9792-5385158C507C}.Debug|Any CPU.ActiveCfg = Debug|Any CPU
		{FA8E1FA2-1263-41C9-9792-5385158C507C}.Debug|Any CPU.Build.0 = Debug|Any CPU
		{FA8E1FA2-1263-41C9-9792-5385158C507C}.Release|Any CPU.ActiveCfg = Release|Any CPU
		{FA8E1FA2-1263-41C9-9792-5385158C507C}.Release|Any CPU.Build.0 = Release|Any CPU
		{EE7AD247-655E-4578-81C4-D37E6E06A188}.Debug|Any CPU.ActiveCfg = Debug|Any CPU
		{EE7AD247-655E-4578-81C4-D37E6E06A188}.Debug|Any CPU.Build.0 = Debug|Any CPU
		{EE7AD247-655E-4578-81C4-D37E6E06A188}.Release|Any CPU.ActiveCfg = Release|Any CPU
		{EE7AD247-655E-4578-81C4-D37E6E06A188}.Release|Any CPU.Build.0 = Release|Any CPU
		{816C0A57-CA2A-41B3-B4A6-87CB70356FAF}.Debug|Any CPU.ActiveCfg = Debug|Any CPU
		{816C0A57-CA2A-41B3-B4A6-87CB70356FAF}.Debug|Any CPU.Build.0 = Debug|Any CPU
		{816C0A57-CA2A-41B3-B4A6-87CB70356FAF}.Release|Any CPU.ActiveCfg = Release|Any CPU
		{816C0A57-CA2A-41B3-B4A6-87CB70356FAF}.Release|Any CPU.Build.0 = Release|Any CPU
		{3224BAE0-CE87-4F33-996C-AFC8C1C91438}.Debug|Any CPU.ActiveCfg = Debug|Any CPU
		{3224BAE0-CE87-4F33-996C-AFC8C1C91438}.Debug|Any CPU.Build.0 = Debug|Any CPU
		{3224BAE0-CE87-4F33-996C-AFC8C1C91438}.Release|Any CPU.ActiveCfg = Release|Any CPU
		{3224BAE0-CE87-4F33-996C-AFC8C1C91438}.Release|Any CPU.Build.0 = Release|Any CPU
		{EBC5746B-7408-4F72-A5FC-1129C4152462}.Debug|Any CPU.ActiveCfg = Debug|Any CPU
		{EBC5746B-7408-4F72-A5FC-1129C4152462}.Debug|Any CPU.Build.0 = Debug|Any CPU
		{EBC5746B-7408-4F72-A5FC-1129C4152462}.Release|Any CPU.ActiveCfg = Release|Any CPU
		{EBC5746B-7408-4F72-A5FC-1129C4152462}.Release|Any CPU.Build.0 = Release|Any CPU
		{DE4ED03E-B621-44A2-9F49-165040CEA5E4}.Debug|Any CPU.ActiveCfg = Debug|Any CPU
		{DE4ED03E-B621-44A2-9F49-165040CEA5E4}.Debug|Any CPU.Build.0 = Debug|Any CPU
		{DE4ED03E-B621-44A2-9F49-165040CEA5E4}.Release|Any CPU.ActiveCfg = Release|Any CPU
		{DE4ED03E-B621-44A2-9F49-165040CEA5E4}.Release|Any CPU.Build.0 = Release|Any CPU
		{47BC1D6F-D19D-4E12-A3A5-9E5E36036DB6}.Debug|Any CPU.ActiveCfg = Debug|Any CPU
		{47BC1D6F-D19D-4E12-A3A5-9E5E36036DB6}.Debug|Any CPU.Build.0 = Debug|Any CPU
		{47BC1D6F-D19D-4E12-A3A5-9E5E36036DB6}.Release|Any CPU.ActiveCfg = Release|Any CPU
		{47BC1D6F-D19D-4E12-A3A5-9E5E36036DB6}.Release|Any CPU.Build.0 = Release|Any CPU
		{0083A026-D49F-4CF2-9167-E3EAD2385644}.Debug|Any CPU.ActiveCfg = Debug|Any CPU
		{0083A026-D49F-4CF2-9167-E3EAD2385644}.Debug|Any CPU.Build.0 = Debug|Any CPU
		{0083A026-D49F-4CF2-9167-E3EAD2385644}.Release|Any CPU.ActiveCfg = Release|Any CPU
		{0083A026-D49F-4CF2-9167-E3EAD2385644}.Release|Any CPU.Build.0 = Release|Any CPU
		{7C96AAE6-8BC3-4DAF-BB15-3A5B8E153E66}.Debug|Any CPU.ActiveCfg = Debug|Any CPU
		{7C96AAE6-8BC3-4DAF-BB15-3A5B8E153E66}.Debug|Any CPU.Build.0 = Debug|Any CPU
		{7C96AAE6-8BC3-4DAF-BB15-3A5B8E153E66}.Release|Any CPU.ActiveCfg = Release|Any CPU
		{7C96AAE6-8BC3-4DAF-BB15-3A5B8E153E66}.Release|Any CPU.Build.0 = Release|Any CPU
		{9E05A80E-4A99-43FE-A06D-EFD25DA36602}.Debug|Any CPU.ActiveCfg = Debug|Any CPU
		{9E05A80E-4A99-43FE-A06D-EFD25DA36602}.Debug|Any CPU.Build.0 = Debug|Any CPU
		{9E05A80E-4A99-43FE-A06D-EFD25DA36602}.Release|Any CPU.ActiveCfg = Release|Any CPU
		{9E05A80E-4A99-43FE-A06D-EFD25DA36602}.Release|Any CPU.Build.0 = Release|Any CPU
		{89065CDD-05A3-4D64-AE48-602572812C47}.Debug|Any CPU.ActiveCfg = Debug|Any CPU
		{89065CDD-05A3-4D64-AE48-602572812C47}.Debug|Any CPU.Build.0 = Debug|Any CPU
		{89065CDD-05A3-4D64-AE48-602572812C47}.Release|Any CPU.ActiveCfg = Release|Any CPU
		{89065CDD-05A3-4D64-AE48-602572812C47}.Release|Any CPU.Build.0 = Release|Any CPU
	EndGlobalSection
	GlobalSection(SolutionProperties) = preSolution
		HideSolutionNode = FALSE
	EndGlobalSection
	GlobalSection(NestedProjects) = preSolution
		{DCF14E26-3F6C-4448-A529-955DCE58645A} = {73DB7BB9-FCEB-412F-A99C-86BC58D557CC}
		{04218791-4EF6-4A14-B268-55BE33C20658} = {D9095A4C-E515-4C94-8351-A5AB724C8AA2}
		{121724D6-E1CD-48E9-B756-55B8BE9BBCA2} = {D9095A4C-E515-4C94-8351-A5AB724C8AA2}
		{6A16A564-68A2-4E56-B7F4-EFC6A0A8A0C0} = {F3D3426D-DDA9-434B-9856-C0301D2F21EE}
		{B48FF987-9396-4A12-81D5-A71E2EEF44AF} = {D9095A4C-E515-4C94-8351-A5AB724C8AA2}
		{FA8E1FA2-1263-41C9-9792-5385158C507C} = {F3D3426D-DDA9-434B-9856-C0301D2F21EE}
		{EE7AD247-655E-4578-81C4-D37E6E06A188} = {73DB7BB9-FCEB-412F-A99C-86BC58D557CC}
		{816C0A57-CA2A-41B3-B4A6-87CB70356FAF} = {F3D3426D-DDA9-434B-9856-C0301D2F21EE}
		{3224BAE0-CE87-4F33-996C-AFC8C1C91438} = {F3D3426D-DDA9-434B-9856-C0301D2F21EE}
		{EBC5746B-7408-4F72-A5FC-1129C4152462} = {73DB7BB9-FCEB-412F-A99C-86BC58D557CC}
		{DE4ED03E-B621-44A2-9F49-165040CEA5E4} = {73DB7BB9-FCEB-412F-A99C-86BC58D557CC}
		{47BC1D6F-D19D-4E12-A3A5-9E5E36036DB6} = {73DB7BB9-FCEB-412F-A99C-86BC58D557CC}
		{0083A026-D49F-4CF2-9167-E3EAD2385644} = {73DB7BB9-FCEB-412F-A99C-86BC58D557CC}
		{7C96AAE6-8BC3-4DAF-BB15-3A5B8E153E66} = {73DB7BB9-FCEB-412F-A99C-86BC58D557CC}
		{89A992FB-0521-4AAA-806A-389F1480052A} = {73DB7BB9-FCEB-412F-A99C-86BC58D557CC}
		{9E05A80E-4A99-43FE-A06D-EFD25DA36602} = {89A992FB-0521-4AAA-806A-389F1480052A}
		{869BAA72-6B61-4CD3-8AAF-218895319233} = {73DB7BB9-FCEB-412F-A99C-86BC58D557CC}
		{89065CDD-05A3-4D64-AE48-602572812C47} = {869BAA72-6B61-4CD3-8AAF-218895319233}
	EndGlobalSection
	GlobalSection(ExtensibilityGlobals) = postSolution
		SolutionGuid = {4D38BCF8-EE33-4180-B06D-A1C7398F7CC0}
	EndGlobalSection
EndGlobal
